
Microsoft Visual Studio Solution File, Format Version 12.00
# Visual Studio 15
VisualStudioVersion = 15.0.28307.960
MinimumVisualStudioVersion = 10.0.40219.1
Project("{FAE04EC0-301F-11D3-BF4B-00C04F79EFBC}") = "ShowMessagePlugin", "ShowMessagePlugin\ShowMessagePlugin.csproj", "{08B99F2D-EE14-4B25-863F-E6AE7A62A026}"
EndProject
Project("{FAE04EC0-301F-11D3-BF4B-00C04F79EFBC}") = "UninstallShowMessagePlugin", "UninstallShowMessagePlugin\UninstallShowMessagePlugin.csproj", "{A7C2C16A-78F0-42DE-8C5B-12D2813550B8}"
EndProject
Project("{FAE04EC0-301F-11D3-BF4B-00C04F79EFBC}") = "ShowMessageUtilities", "ShowMessageUtilities\ShowMessageUtilities.csproj", "{19610C61-4A24-4242-81A6-45C74FF88D92}"
EndProject
Global
	GlobalSection(SolutionConfigurationPlatforms) = preSolution
		Debug|Any CPU = Debug|Any CPU
		Release|Any CPU = Release|Any CPU
	EndGlobalSection
	GlobalSection(ProjectConfigurationPlatforms) = postSolution
		{08B99F2D-EE14-4B25-863F-E6AE7A62A026}.Debug|Any CPU.ActiveCfg = Debug|Any CPU
		{08B99F2D-EE14-4B25-863F-E6AE7A62A026}.Debug|Any CPU.Build.0 = Debug|Any CPU
		{08B99F2D-EE14-4B25-863F-E6AE7A62A026}.Release|Any CPU.ActiveCfg = Release|Any CPU
		{08B99F2D-EE14-4B25-863F-E6AE7A62A026}.Release|Any CPU.Build.0 = Release|Any CPU
		{A7C2C16A-78F0-42DE-8C5B-12D2813550B8}.Debug|Any CPU.ActiveCfg = Debug|Any CPU
		{A7C2C16A-78F0-42DE-8C5B-12D2813550B8}.Debug|Any CPU.Build.0 = Debug|Any CPU
		{A7C2C16A-78F0-42DE-8C5B-12D2813550B8}.Release|Any CPU.ActiveCfg = Release|Any CPU
		{A7C2C16A-78F0-42DE-8C5B-12D2813550B8}.Release|Any CPU.Build.0 = Release|Any CPU
		{19610C61-4A24-4242-81A6-45C74FF88D92}.Debug|Any CPU.ActiveCfg = Debug|Any CPU
		{19610C61-4A24-4242-81A6-45C74FF88D92}.Debug|Any CPU.Build.0 = Debug|Any CPU
		{19610C61-4A24-4242-81A6-45C74FF88D92}.Release|Any CPU.ActiveCfg = Release|Any CPU
		{19610C61-4A24-4242-81A6-45C74FF88D92}.Release|Any CPU.Build.0 = Release|Any CPU
	EndGlobalSection
	GlobalSection(SolutionProperties) = preSolution
		HideSolutionNode = FALSE
	EndGlobalSection
	GlobalSection(ExtensibilityGlobals) = postSolution
		SolutionGuid = {0DC24FF7-307D-44B7-82BC-704A11BA0796}
	EndGlobalSection
EndGlobal
